// !$*UTF8*$!
{
	archiveVersion = 1;
	classes = {
	};
	objectVersion = 50;
	objects = {

/* Begin PBXBuildFile section */
		1C4A1B372580A9470071751C /* TestFW2020.framework in Frameworks */ = {isa = PBXBuildFile; fileRef = 1C4A1B2D2580A9470071751C /* TestFW2020.framework */; };
		1C4A1B3C2580A9470071751C /* TestFW2020Tests.swift in Sources */ = {isa = PBXBuildFile; fileRef = 1C4A1B3B2580A9470071751C /* TestFW2020Tests.swift */; };
		1C4A1B3E2580A9470071751C /* TestFW2020.h in Headers */ = {isa = PBXBuildFile; fileRef = 1C4A1B302580A9470071751C /* TestFW2020.h */; settings = {ATTRIBUTES = (Public, ); }; };
		1C4A1B482580A9580071751C /* DemoTest.swift in Sources */ = {isa = PBXBuildFile; fileRef = 1C4A1B472580A9580071751C /* DemoTest.swift */; };
/* End PBXBuildFile section */

/* Begin PBXContainerItemProxy section */
		1C4A1B382580A9470071751C /* PBXContainerItemProxy */ = {
			isa = PBXContainerItemProxy;
			containerPortal = 1C4A1B242580A9470071751C /* Project object */;
			proxyType = 1;
			remoteGlobalIDString = 1C4A1B2C2580A9470071751C;
			remoteInfo = TestFW2020;
		};
/* End PBXContainerItemProxy section */

/* Begin PBXFileReference section */
		1C4A1B2D2580A9470071751C /* TestFW2020.framework */ = {isa = PBXFileReference; explicitFileType = wrapper.framework; includeInIndex = 0; path = TestFW2020.framework; sourceTree = BUILT_PRODUCTS_DIR; };
		1C4A1B302580A9470071751C /* TestFW2020.h */ = {isa = PBXFileReference; lastKnownFileType = sourcecode.c.h; path = TestFW2020.h; sourceTree = "<group>"; };
		1C4A1B312580A9470071751C /* Info.plist */ = {isa = PBXFileReference; lastKnownFileType = text.plist.xml; path = Info.plist; sourceTree = "<group>"; };
		1C4A1B362580A9470071751C /* TestFW2020Tests.xctest */ = {isa = PBXFileReference; explicitFileType = wrapper.cfbundle; includeInIndex = 0; path = TestFW2020Tests.xctest; sourceTree = BUILT_PRODUCTS_DIR; };
		1C4A1B3B2580A9470071751C /* TestFW2020Tests.swift */ = {isa = PBXFileReference; lastKnownFileType = sourcecode.swift; path = TestFW2020Tests.swift; sourceTree = "<group>"; };
		1C4A1B3D2580A9470071751C /* Info.plist */ = {isa = PBXFileReference; lastKnownFileType = text.plist.xml; path = Info.plist; sourceTree = "<group>"; };
		1C4A1B472580A9580071751C /* DemoTest.swift */ = {isa = PBXFileReference; lastKnownFileType = sourcecode.swift; path = DemoTest.swift; sourceTree = "<group>"; };
/* End PBXFileReference section */

/* Begin PBXFrameworksBuildPhase section */
		1C4A1B2A2580A9470071751C /* Frameworks */ = {
			isa = PBXFrameworksBuildPhase;
			buildActionMask = 2147483647;
			files = (
			);
			runOnlyForDeploymentPostprocessing = 0;
		};
		1C4A1B332580A9470071751C /* Frameworks */ = {
			isa = PBXFrameworksBuildPhase;
			buildActionMask = 2147483647;
			files = (
				1C4A1B372580A9470071751C /* TestFW2020.framework in Frameworks */,
			);
			runOnlyForDeploymentPostprocessing = 0;
		};
/* End PBXFrameworksBuildPhase section */

/* Begin PBXGroup section */
		1C4A1B232580A9470071751C = {
			isa = PBXGroup;
			children = (
				1C4A1B2F2580A9470071751C /* TestFW2020 */,
				1C4A1B3A2580A9470071751C /* TestFW2020Tests */,
				1C4A1B2E2580A9470071751C /* Products */,
			);
			sourceTree = "<group>";
		};
		1C4A1B2E2580A9470071751C /* Products */ = {
			isa = PBXGroup;
			children = (
				1C4A1B2D2580A9470071751C /* TestFW2020.framework */,
				1C4A1B362580A9470071751C /* TestFW2020Tests.xctest */,
			);
			name = Products;
			sourceTree = "<group>";
		};
		1C4A1B2F2580A9470071751C /* TestFW2020 */ = {
			isa = PBXGroup;
			children = (
				1C4A1B302580A9470071751C /* TestFW2020.h */,
				1C4A1B312580A9470071751C /* Info.plist */,
				1C4A1B472580A9580071751C /* DemoTest.swift */,
			);
			path = TestFW2020;
			sourceTree = "<group>";
		};
		1C4A1B3A2580A9470071751C /* TestFW2020Tests */ = {
			isa = PBXGroup;
			children = (
				1C4A1B3B2580A9470071751C /* TestFW2020Tests.swift */,
				1C4A1B3D2580A9470071751C /* Info.plist */,
			);
			path = TestFW2020Tests;
			sourceTree = "<group>";
		};
/* End PBXGroup section */

/* Begin PBXHeadersBuildPhase section */
		1C4A1B282580A9470071751C /* Headers */ = {
			isa = PBXHeadersBuildPhase;
			buildActionMask = 2147483647;
			files = (
				1C4A1B3E2580A9470071751C /* TestFW2020.h in Headers */,
			);
			runOnlyForDeploymentPostprocessing = 0;
		};
/* End PBXHeadersBuildPhase section */

/* Begin PBXNativeTarget section */
		1C4A1B2C2580A9470071751C /* TestFW2020 */ = {
			isa = PBXNativeTarget;
			buildConfigurationList = 1C4A1B412580A9470071751C /* Build configuration list for PBXNativeTarget "TestFW2020" */;
			buildPhases = (
				1C4A1B282580A9470071751C /* Headers */,
				1C4A1B292580A9470071751C /* Sources */,
				1C4A1B2A2580A9470071751C /* Frameworks */,
				1C4A1B2B2580A9470071751C /* Resources */,
			);
			buildRules = (
			);
			dependencies = (
			);
			name = TestFW2020;
			productName = TestFW2020;
			productReference = 1C4A1B2D2580A9470071751C /* TestFW2020.framework */;
			productType = "com.apple.product-type.framework";
		};
		1C4A1B352580A9470071751C /* TestFW2020Tests */ = {
			isa = PBXNativeTarget;
			buildConfigurationList = 1C4A1B442580A9470071751C /* Build configuration list for PBXNativeTarget "TestFW2020Tests" */;
			buildPhases = (
				1C4A1B322580A9470071751C /* Sources */,
				1C4A1B332580A9470071751C /* Frameworks */,
				1C4A1B342580A9470071751C /* Resources */,
			);
			buildRules = (
			);
			dependencies = (
				1C4A1B392580A9470071751C /* PBXTargetDependency */,
			);
			name = TestFW2020Tests;
			productName = TestFW2020Tests;
			productReference = 1C4A1B362580A9470071751C /* TestFW2020Tests.xctest */;
			productType = "com.apple.product-type.bundle.unit-test";
		};
/* End PBXNativeTarget section */

/* Begin PBXProject section */
		1C4A1B242580A9470071751C /* Project object */ = {
			isa = PBXProject;
			attributes = {
				LastSwiftUpdateCheck = 1160;
				LastUpgradeCheck = 1160;
				ORGANIZATIONNAME = annt;
				TargetAttributes = {
					1C4A1B2C2580A9470071751C = {
						CreatedOnToolsVersion = 11.6;
						LastSwiftMigration = 1160;
					};
					1C4A1B352580A9470071751C = {
						CreatedOnToolsVersion = 11.6;
					};
				};
			};
			buildConfigurationList = 1C4A1B272580A9470071751C /* Build configuration list for PBXProject "TestFW2020" */;
			compatibilityVersion = "Xcode 9.3";
			developmentRegion = en;
			hasScannedForEncodings = 0;
			knownRegions = (
				en,
				Base,
			);
			mainGroup = 1C4A1B232580A9470071751C;
			productRefGroup = 1C4A1B2E2580A9470071751C /* Products */;
			projectDirPath = "";
			projectRoot = "";
			targets = (
				1C4A1B2C2580A9470071751C /* TestFW2020 */,
				1C4A1B352580A9470071751C /* TestFW2020Tests */,
			);
		};
/* End PBXProject section */

/* Begin PBXResourcesBuildPhase section */
		1C4A1B2B2580A9470071751C /* Resources */ = {
			isa = PBXResourcesBuildPhase;
			buildActionMask = 2147483647;
			files = (
			);
			runOnlyForDeploymentPostprocessing = 0;
		};
		1C4A1B342580A9470071751C /* Resources */ = {
			isa = PBXResourcesBuildPhase;
			buildActionMask = 2147483647;
			files = (
			);
			runOnlyForDeploymentPostprocessing = 0;
		};
/* End PBXResourcesBuildPhase section */

/* Begin PBXSourcesBuildPhase section */
		1C4A1B292580A9470071751C /* Sources */ = {
			isa = PBXSourcesBuildPhase;
			buildActionMask = 2147483647;
			files = (
				1C4A1B482580A9580071751C /* DemoTest.swift in Sources */,
			);
			runOnlyForDeploymentPostprocessing = 0;
		};
		1C4A1B322580A9470071751C /* Sources */ = {
			isa = PBXSourcesBuildPhase;
			buildActionMask = 2147483647;
			files = (
				1C4A1B3C2580A9470071751C /* TestFW2020Tests.swift in Sources */,
			);
			runOnlyForDeploymentPostprocessing = 0;
		};
/* End PBXSourcesBuildPhase section */

/* Begin PBXTargetDependency section */
		1C4A1B392580A9470071751C /* PBXTargetDependency */ = {
			isa = PBXTargetDependency;
			target = 1C4A1B2C2580A9470071751C /* TestFW2020 */;
			targetProxy = 1C4A1B382580A9470071751C /* PBXContainerItemProxy */;
		};
/* End PBXTargetDependency section */

/* Begin XCBuildConfiguration section */
		1C4A1B3F2580A9470071751C /* Debug */ = {
			isa = XCBuildConfiguration;
			buildSettings = {
				ALWAYS_SEARCH_USER_PATHS = NO;
				CLANG_ANALYZER_NONNULL = YES;
				CLANG_ANALYZER_NUMBER_OBJECT_CONVERSION = YES_AGGRESSIVE;
				CLANG_CXX_LANGUAGE_STANDARD = "gnu++14";
				CLANG_CXX_LIBRARY = "libc++";
				CLANG_ENABLE_MODULES = YES;
				CLANG_ENABLE_OBJC_ARC = YES;
				CLANG_ENABLE_OBJC_WEAK = YES;
				CLANG_WARN_BLOCK_CAPTURE_AUTORELEASING = YES;
				CLANG_WARN_BOOL_CONVERSION = YES;
				CLANG_WARN_COMMA = YES;
				CLANG_WARN_CONSTANT_CONVERSION = YES;
				CLANG_WARN_DEPRECATED_OBJC_IMPLEMENTATIONS = YES;
				CLANG_WARN_DIRECT_OBJC_ISA_USAGE = YES_ERROR;
				CLANG_WARN_DOCUMENTATION_COMMENTS = YES;
				CLANG_WARN_EMPTY_BODY = YES;
				CLANG_WARN_ENUM_CONVERSION = YES;
				CLANG_WARN_INFINITE_RECURSION = YES;
				CLANG_WARN_INT_CONVERSION = YES;
				CLANG_WARN_NON_LITERAL_NULL_CONVERSION = YES;
				CLANG_WARN_OBJC_IMPLICIT_RETAIN_SELF = YES;
				CLANG_WARN_OBJC_LITERAL_CONVERSION = YES;
				CLANG_WARN_OBJC_ROOT_CLASS = YES_ERROR;
				CLANG_WARN_RANGE_LOOP_ANALYSIS = YES;
				CLANG_WARN_STRICT_PROTOTYPES = YES;
				CLANG_WARN_SUSPICIOUS_MOVE = YES;
				CLANG_WARN_UNGUARDED_AVAILABILITY = YES_AGGRESSIVE;
				CLANG_WARN_UNREACHABLE_CODE = YES;
				CLANG_WARN__DUPLICATE_METHOD_MATCH = YES;
				COPY_PHASE_STRIP = NO;
				CURRENT_PROJECT_VERSION = 1;
				DEBUG_INFORMATION_FORMAT = dwarf;
				ENABLE_STRICT_OBJC_MSGSEND = YES;
				ENABLE_TESTABILITY = YES;
				GCC_C_LANGUAGE_STANDARD = gnu11;
				GCC_DYNAMIC_NO_PIC = NO;
				GCC_NO_COMMON_BLOCKS = YES;
				GCC_OPTIMIZATION_LEVEL = 0;
				GCC_PREPROCESSOR_DEFINITIONS = (
					"DEBUG=1",
					"$(inherited)",
				);
				GCC_WARN_64_TO_32_BIT_CONVERSION = YES;
				GCC_WARN_ABOUT_RETURN_TYPE = YES_ERROR;
				GCC_WARN_UNDECLARED_SELECTOR = YES;
				GCC_WARN_UNINITIALIZED_AUTOS = YES_AGGRESSIVE;
				GCC_WARN_UNUSED_FUNCTION = YES;
				GCC_WARN_UNUSED_VARIABLE = YES;
				IPHONEOS_DEPLOYMENT_TARGET = 13.6;
				MTL_ENABLE_DEBUG_INFO = INCLUDE_SOURCE;
				MTL_FAST_MATH = YES;
				ONLY_ACTIVE_ARCH = YES;
				SDKROOT = iphoneos;
				SWIFT_ACTIVE_COMPILATION_CONDITIONS = DEBUG;
				SWIFT_OPTIMIZATION_LEVEL = "-Onone";
				VERSIONING_SYSTEM = "apple-generic";
				VERSION_INFO_PREFIX = "";
			};
			name = Debug;
		};
		1C4A1B402580A9470071751C /* Release */ = {
			isa = XCBuildConfiguration;
			buildSettings = {
				ALWAYS_SEARCH_USER_PATHS = NO;
				CLANG_ANALYZER_NONNULL = YES;
				CLANG_ANALYZER_NUMBER_OBJECT_CONVERSION = YES_AGGRESSIVE;
				CLANG_CXX_LANGUAGE_STANDARD = "gnu++14";
				CLANG_CXX_LIBRARY = "libc++";
				CLANG_ENABLE_MODULES = YES;
				CLANG_ENABLE_OBJC_ARC = YES;
				CLANG_ENABLE_OBJC_WEAK = YES;
				CLANG_WARN_BLOCK_CAPTURE_AUTORELEASING = YES;
				CLANG_WARN_BOOL_CONVERSION = YES;
				CLANG_WARN_COMMA = YES;
				CLANG_WARN_CONSTANT_CONVERSION = YES;
				CLANG_WARN_DEPRECATED_OBJC_IMPLEMENTATIONS = YES;
				CLANG_WARN_DIRECT_OBJC_ISA_USAGE = YES_ERROR;
				CLANG_WARN_DOCUMENTATION_COMMENTS = YES;
				CLANG_WARN_EMPTY_BODY = YES;
				CLANG_WARN_ENUM_CONVERSION = YES;
				CLANG_WARN_INFINITE_RECURSION = YES;
				CLANG_WARN_INT_CONVERSION = YES;
				CLANG_WARN_NON_LITERAL_NULL_CONVERSION = YES;
				CLANG_WARN_OBJC_IMPLICIT_RETAIN_SELF = YES;
				CLANG_WARN_OBJC_LITERAL_CONVERSION = YES;
				CLANG_WARN_OBJC_ROOT_CLASS = YES_ERROR;
				CLANG_WARN_RANGE_LOOP_ANALYSIS = YES;
				CLANG_WARN_STRICT_PROTOTYPES = YES;
				CLANG_WARN_SUSPICIOUS_MOVE = YES;
				CLANG_WARN_UNGUARDED_AVAILABILITY = YES_AGGRESSIVE;
				CLANG_WARN_UNREACHABLE_CODE = YES;
				CLANG_WARN__DUPLICATE_METHOD_MATCH = YES;
				COPY_PHASE_STRIP = NO;
				CURRENT_PROJECT_VERSION = 1;
				DEBUG_INFORMATION_FORMAT = "dwarf-with-dsym";
				ENABLE_NS_ASSERTIONS = NO;
				ENABLE_STRICT_OBJC_MSGSEND = YES;
				GCC_C_LANGUAGE_STANDARD = gnu11;
				GCC_NO_COMMON_BLOCKS = YES;
				GCC_WARN_64_TO_32_BIT_CONVERSION = YES;
				GCC_WARN_ABOUT_RETURN_TYPE = YES_ERROR;
				GCC_WARN_UNDECLARED_SELECTOR = YES;
				GCC_WARN_UNINITIALIZED_AUTOS = YES_AGGRESSIVE;
				GCC_WARN_UNUSED_FUNCTION = YES;
				GCC_WARN_UNUSED_VARIABLE = YES;
				IPHONEOS_DEPLOYMENT_TARGET = 13.6;
				MTL_ENABLE_DEBUG_INFO = NO;
				MTL_FAST_MATH = YES;
				SDKROOT = iphoneos;
				SWIFT_COMPILATION_MODE = wholemodule;
				SWIFT_OPTIMIZATION_LEVEL = "-O";
				VALIDATE_PRODUCT = YES;
				VERSIONING_SYSTEM = "apple-generic";
				VERSION_INFO_PREFIX = "";
			};
			name = Release;
		};
		1C4A1B422580A9470071751C /* Debug */ = {
			isa = XCBuildConfiguration;
			buildSettings = {
				CLANG_ENABLE_MODULES = YES;
				CODE_SIGN_STYLE = Automatic;
				DEFINES_MODULE = YES;
				DYLIB_COMPATIBILITY_VERSION = 1;
				DYLIB_CURRENT_VERSION = 1;
				DYLIB_INSTALL_NAME_BASE = "@rpath";
				INFOPLIST_FILE = TestFW2020/Info.plist;
				INSTALL_PATH = "$(LOCAL_LIBRARY_DIR)/Frameworks";
				LD_RUNPATH_SEARCH_PATHS = (
					"$(inherited)",
					"@executable_path/Frameworks",
					"@loader_path/Frameworks",
				);
				PRODUCT_BUNDLE_IDENTIFIER = annt.TestFW2020;
				PRODUCT_NAME = "$(TARGET_NAME:c99extidentifier)";
				SKIP_INSTALL = YES;
				SWIFT_OPTIMIZATION_LEVEL = "-Onone";
				SWIFT_VERSION = 5.0;
				TARGETED_DEVICE_FAMILY = "1,2";
			};
			name = Debug;
		};
		1C4A1B432580A9470071751C /* Release */ = {
			isa = XCBuildConfiguration;
			buildSettings = {
				CLANG_ENABLE_MODULES = YES;
				CODE_SIGN_STYLE = Automatic;
				DEFINES_MODULE = YES;
				DYLIB_COMPATIBILITY_VERSION = 1;
				DYLIB_CURRENT_VERSION = 1;
				DYLIB_INSTALL_NAME_BASE = "@rpath";
				INFOPLIST_FILE = TestFW2020/Info.plist;
				INSTALL_PATH = "$(LOCAL_LIBRARY_DIR)/Frameworks";
				LD_RUNPATH_SEARCH_PATHS = (
					"$(inherited)",
					"@executable_path/Frameworks",
					"@loader_path/Frameworks",
				);
				PRODUCT_BUNDLE_IDENTIFIER = annt.TestFW2020;
				PRODUCT_NAME = "$(TARGET_NAME:c99extidentifier)";
				SKIP_INSTALL = YES;
				SWIFT_VERSION = 5.0;
				TARGETED_DEVICE_FAMILY = "1,2";
			};
			name = Release;
		};
		1C4A1B452580A9470071751C /* Debug */ = {
			isa = XCBuildConfiguration;
			buildSettings = {
				ALWAYS_EMBED_SWIFT_STANDARD_LIBRARIES = YES;
				CODE_SIGN_STYLE = Automatic;
				INFOPLIST_FILE = TestFW2020Tests/Info.plist;
				LD_RUNPATH_SEARCH_PATHS = (
					"$(inherited)",
					"@executable_path/Frameworks",
					"@loader_path/Frameworks",
				);
				PRODUCT_BUNDLE_IDENTIFIER = annt.TestFW2020Tests;
				PRODUCT_NAME = "$(TARGET_NAME)";
				SWIFT_VERSION = 5.0;
				TARGETED_DEVICE_FAMILY = "1,2";
			};
			name = Debug;
		};
		1C4A1B462580A9470071751C /* Release */ = {
			isa = XCBuildConfiguration;
			buildSettings = {
				ALWAYS_EMBED_SWIFT_STANDARD_LIBRARIES = YES;
				CODE_SIGN_STYLE = Automatic;
				INFOPLIST_FILE = TestFW2020Tests/Info.plist;
				LD_RUNPATH_SEARCH_PATHS = (
					"$(inherited)",
					"@executable_path/Frameworks",
					"@loader_path/Frameworks",
				);
				PRODUCT_BUNDLE_IDENTIFIER = annt.TestFW2020Tests;
				PRODUCT_NAME = "$(TARGET_NAME)";
				SWIFT_VERSION = 5.0;
				TARGETED_DEVICE_FAMILY = "1,2";
			};
			name = Release;
		};
/* End XCBuildConfiguration section */

/* Begin XCConfigurationList section */
		1C4A1B272580A9470071751C /* Build configuration list for PBXProject "TestFW2020" */ = {
			isa = XCConfigurationList;
			buildConfigurations = (
				1C4A1B3F2580A9470071751C /* Debug */,
				1C4A1B402580A9470071751C /* Release */,
			);
			defaultConfigurationIsVisible = 0;
			defaultConfigurationName = Release;
		};
		1C4A1B412580A9470071751C /* Build configuration list for PBXNativeTarget "TestFW2020" */ = {
			isa = XCConfigurationList;
			buildConfigurations = (
				1C4A1B422580A9470071751C /* Debug */,
				1C4A1B432580A9470071751C /* Release */,
			);
			defaultConfigurationIsVisible = 0;
			defaultConfigurationName = Release;
		};
		1C4A1B442580A9470071751C /* Build configuration list for PBXNativeTarget "TestFW2020Tests" */ = {
			isa = XCConfigurationList;
			buildConfigurations = (
				1C4A1B452580A9470071751C /* Debug */,
				1C4A1B462580A9470071751C /* Release */,
			);
			defaultConfigurationIsVisible = 0;
			defaultConfigurationName = Release;
		};
/* End XCConfigurationList section */
	};
	rootObject = 1C4A1B242580A9470071751C /* Project object */;
}
